
Microsoft Visual Studio Solution File, Format Version 12.00
# Visual Studio Version 16
VisualStudioVersion = 16.0.29409.12
MinimumVisualStudioVersion = 10.0.40219.1
Project("{9A19103F-16F7-4668-BE54-9A1E7A4F7556}") = "Matrices.Mpi7", "Matrices.Mpi7\Matrices.Mpi7.csproj", "{7179A74C-9590-422E-8451-9A87849DFEEC}"
EndProject
Project("{9A19103F-16F7-4668-BE54-9A1E7A4F7556}") = "Matrices.Mpi8", "Matrices.Mpi8\Matrices.Mpi8.csproj", "{CDF8034F-B5E0-4088-9ABF-9BB58F5F98DF}"
EndProject
Project("{9A19103F-16F7-4668-BE54-9A1E7A4F7556}") = "Matrices.Shared", "Matrices.Shared\Matrices.Shared.csproj", "{08FA7E55-65FD-4A1E-BDF0-52B2CC7CFBF0}"
EndProject
Project("{6EC3EE1D-3C4E-46DD-8F32-0CC8E7565705}") = "Matrices.Shared.FsharpExtensions", "Matrices.Shared.FsharpExtensions\Matrices.Shared.FsharpExtensions.fsproj", "{5E3E444A-4EC7-43D7-AE64-04F2498478E8}"
EndProject
Global
	GlobalSection(SolutionConfigurationPlatforms) = preSolution
		Debug|Any CPU = Debug|Any CPU
		Debug|x64 = Debug|x64
		Debug|x86 = Debug|x86
		Release|Any CPU = Release|Any CPU
		Release|x64 = Release|x64
		Release|x86 = Release|x86
	EndGlobalSection
	GlobalSection(ProjectConfigurationPlatforms) = postSolution
		{7179A74C-9590-422E-8451-9A87849DFEEC}.Debug|Any CPU.ActiveCfg = Debug|Any CPU
		{7179A74C-9590-422E-8451-9A87849DFEEC}.Debug|Any CPU.Build.0 = Debug|Any CPU
		{7179A74C-9590-422E-8451-9A87849DFEEC}.Debug|x64.ActiveCfg = Debug|Any CPU
		{7179A74C-9590-422E-8451-9A87849DFEEC}.Debug|x64.Build.0 = Debug|Any CPU
		{7179A74C-9590-422E-8451-9A87849DFEEC}.Debug|x86.ActiveCfg = Debug|Any CPU
		{7179A74C-9590-422E-8451-9A87849DFEEC}.Debug|x86.Build.0 = Debug|Any CPU
		{7179A74C-9590-422E-8451-9A87849DFEEC}.Release|Any CPU.ActiveCfg = Release|Any CPU
		{7179A74C-9590-422E-8451-9A87849DFEEC}.Release|Any CPU.Build.0 = Release|Any CPU
		{7179A74C-9590-422E-8451-9A87849DFEEC}.Release|x64.ActiveCfg = Release|Any CPU
		{7179A74C-9590-422E-8451-9A87849DFEEC}.Release|x64.Build.0 = Release|Any CPU
		{7179A74C-9590-422E-8451-9A87849DFEEC}.Release|x86.ActiveCfg = Release|Any CPU
		{7179A74C-9590-422E-8451-9A87849DFEEC}.Release|x86.Build.0 = Release|Any CPU
		{CDF8034F-B5E0-4088-9ABF-9BB58F5F98DF}.Debug|Any CPU.ActiveCfg = Debug|Any CPU
		{CDF8034F-B5E0-4088-9ABF-9BB58F5F98DF}.Debug|Any CPU.Build.0 = Debug|Any CPU
		{CDF8034F-B5E0-4088-9ABF-9BB58F5F98DF}.Debug|x64.ActiveCfg = Debug|Any CPU
		{CDF8034F-B5E0-4088-9ABF-9BB58F5F98DF}.Debug|x64.Build.0 = Debug|Any CPU
		{CDF8034F-B5E0-4088-9ABF-9BB58F5F98DF}.Debug|x86.ActiveCfg = Debug|Any CPU
		{CDF8034F-B5E0-4088-9ABF-9BB58F5F98DF}.Debug|x86.Build.0 = Debug|Any CPU
		{CDF8034F-B5E0-4088-9ABF-9BB58F5F98DF}.Release|Any CPU.ActiveCfg = Release|Any CPU
		{CDF8034F-B5E0-4088-9ABF-9BB58F5F98DF}.Release|Any CPU.Build.0 = Release|Any CPU
		{CDF8034F-B5E0-4088-9ABF-9BB58F5F98DF}.Release|x64.ActiveCfg = Release|Any CPU
		{CDF8034F-B5E0-4088-9ABF-9BB58F5F98DF}.Release|x64.Build.0 = Release|Any CPU
		{CDF8034F-B5E0-4088-9ABF-9BB58F5F98DF}.Release|x86.ActiveCfg = Release|Any CPU
		{CDF8034F-B5E0-4088-9ABF-9BB58F5F98DF}.Release|x86.Build.0 = Release|Any CPU
		{08FA7E55-65FD-4A1E-BDF0-52B2CC7CFBF0}.Debug|Any CPU.ActiveCfg = Debug|Any CPU
		{08FA7E55-65FD-4A1E-BDF0-52B2CC7CFBF0}.Debug|Any CPU.Build.0 = Debug|Any CPU
		{08FA7E55-65FD-4A1E-BDF0-52B2CC7CFBF0}.Debug|x64.ActiveCfg = Debug|Any CPU
		{08FA7E55-65FD-4A1E-BDF0-52B2CC7CFBF0}.Debug|x64.Build.0 = Debug|Any CPU
		{08FA7E55-65FD-4A1E-BDF0-52B2CC7CFBF0}.Debug|x86.ActiveCfg = Debug|Any CPU
		{08FA7E55-65FD-4A1E-BDF0-52B2CC7CFBF0}.Debug|x86.Build.0 = Debug|Any CPU
		{08FA7E55-65FD-4A1E-BDF0-52B2CC7CFBF0}.Release|Any CPU.ActiveCfg = Release|Any CPU
		{08FA7E55-65FD-4A1E-BDF0-52B2CC7CFBF0}.Release|Any CPU.Build.0 = Release|Any CPU
		{08FA7E55-65FD-4A1E-BDF0-52B2CC7CFBF0}.Release|x64.ActiveCfg = Release|Any CPU
		{08FA7E55-65FD-4A1E-BDF0-52B2CC7CFBF0}.Release|x64.Build.0 = Release|Any CPU
		{08FA7E55-65FD-4A1E-BDF0-52B2CC7CFBF0}.Release|x86.ActiveCfg = Release|Any CPU
		{08FA7E55-65FD-4A1E-BDF0-52B2CC7CFBF0}.Release|x86.Build.0 = Release|Any CPU
		{5E3E444A-4EC7-43D7-AE64-04F2498478E8}.Debug|Any CPU.ActiveCfg = Debug|Any CPU
		{5E3E444A-4EC7-43D7-AE64-04F2498478E8}.Debug|Any CPU.Build.0 = Debug|Any CPU
		{5E3E444A-4EC7-43D7-AE64-04F2498478E8}.Debug|x64.ActiveCfg = Debug|Any CPU
		{5E3E444A-4EC7-43D7-AE64-04F2498478E8}.Debug|x64.Build.0 = Debug|Any CPU
		{5E3E444A-4EC7-43D7-AE64-04F2498478E8}.Debug|x86.ActiveCfg = Debug|Any CPU
		{5E3E444A-4EC7-43D7-AE64-04F2498478E8}.Debug|x86.Build.0 = Debug|Any CPU
		{5E3E444A-4EC7-43D7-AE64-04F2498478E8}.Release|Any CPU.ActiveCfg = Release|Any CPU
		{5E3E444A-4EC7-43D7-AE64-04F2498478E8}.Release|Any CPU.Build.0 = Release|Any CPU
		{5E3E444A-4EC7-43D7-AE64-04F2498478E8}.Release|x64.ActiveCfg = Release|Any CPU
		{5E3E444A-4EC7-43D7-AE64-04F2498478E8}.Release|x64.Build.0 = Release|Any CPU
		{5E3E444A-4EC7-43D7-AE64-04F2498478E8}.Release|x86.ActiveCfg = Release|Any CPU
		{5E3E444A-4EC7-43D7-AE64-04F2498478E8}.Release|x86.Build.0 = Release|Any CPU
	EndGlobalSection
	GlobalSection(SolutionProperties) = preSolution
		HideSolutionNode = FALSE
	EndGlobalSection
	GlobalSection(ExtensibilityGlobals) = postSolution
		SolutionGuid = {A3879E3D-4896-40CE-8D50-CE239341BEB5}
	EndGlobalSection
EndGlobal
